
Microsoft Visual Studio Solution File, Format Version 12.00
Project("{FAE04EC0-301F-11D3-BF4B-00C04F79EFBC}") = "frytech.AppleMusic.API", "frytech.AppleMusic.API\frytech.AppleMusic.API.csproj", "{4E61041C-DEC6-49ED-9D5F-E30B5FDDBE19}"
EndProject
Global
	GlobalSection(SolutionConfigurationPlatforms) = preSolution
		Debug|Any CPU = Debug|Any CPU
		Release|Any CPU = Release|Any CPU
	EndGlobalSection
	GlobalSection(ProjectConfigurationPlatforms) = postSolution
		{4E61041C-DEC6-49ED-9D5F-E30B5FDDBE19}.Debug|Any CPU.ActiveCfg = Debug|Any CPU
		{4E61041C-DEC6-49ED-9D5F-E30B5FDDBE19}.Debug|Any CPU.Build.0 = Debug|Any CPU
		{4E61041C-DEC6-49ED-9D5F-E30B5FDDBE19}.Release|Any CPU.ActiveCfg = Release|Any CPU
		{4E61041C-DEC6-49ED-9D5F-E30B5FDDBE19}.Release|Any CPU.Build.0 = Release|Any CPU
	EndGlobalSection
EndGlobal
